Microsoft Visual Studio Solution File, Format Version 12.00
# Visual Studio Version 17
VisualStudioVersion = 17.5.2.0
MinimumVisualStudioVersion = 10.0.40219.1
Project("{FAE04EC0-301F-11D3-BF4B-00C04F79EFBC}") = "MyWpfProject", "MyWpfProject.csproj", "{305372A7-57C9-085B-A203-2922502F7DFC}"
EndProject
Global
	GlobalSection(SolutionConfigurationPlatforms) = preSolution
		Debug|Any CPU = Debug|Any CPU
		Release|Any CPU = Release|Any CPU
	EndGlobalSection
	GlobalSection(ProjectConfigurationPlatforms) = postSolution
		{305372A7-57C9-085B-A203-2922502F7DFC}.Debug|Any CPU.ActiveCfg = Debug|Any CPU
		{305372A7-57C9-085B-A203-2922502F7DFC}.Debug|Any CPU.Build.0 = Debug|Any CPU
		{305372A7-57C9-085B-A203-2922502F7DFC}.Release|Any CPU.ActiveCfg = Release|Any CPU
		{305372A7-57C9-085B-A203-2922502F7DFC}.Release|Any CPU.Build.0 = Release|Any CPU
	EndGlobalSection
	GlobalSection(SolutionProperties) = preSolution
		HideSolutionNode = FALSE
	EndGlobalSection
	GlobalSection(ExtensibilityGlobals) = postSolution
		SolutionGuid = {395C32B0-3B74-42BA-B8F8-1D8800917DA1}
	EndGlobalSection
EndGlobal
